
Microsoft Visual Studio Solution File, Format Version 12.00
# Visual Studio Version 17
VisualStudioVersion = 17.11.35312.102
MinimumVisualStudioVersion = 10.0.40219.1
Project("{9A19103F-16F7-4668-BE54-9A1E7A4F7556}") = "TodoApi", "TodoApi\TodoApi.csproj", "{ECC88555-2139-4162-ACDE-3F3742A1C90A}"
EndProject
Project("{2150E333-8FDC-42A3-9474-1A3956D46DE8}") = "Solution Items", "Solution Items", "{485D323D-E1E9-4BF6-B6A9-7FB8DD6E5386}"
	ProjectSection(SolutionItems) = preProject
		.gitignore = .gitignore
	EndProjectSection
EndProject
Global
	GlobalSection(SolutionConfigurationPlatforms) = preSolution
		Debug|Any CPU = Debug|Any CPU
		Release|Any CPU = Release|Any CPU
	EndGlobalSection
	GlobalSection(ProjectConfigurationPlatforms) = postSolution
		{ECC88555-2139-4162-ACDE-3F3742A1C90A}.Debug|Any CPU.ActiveCfg = Debug|Any CPU
		{ECC88555-2139-4162-ACDE-3F3742A1C90A}.Debug|Any CPU.Build.0 = Debug|Any CPU
		{ECC88555-2139-4162-ACDE-3F3742A1C90A}.Release|Any CPU.ActiveCfg = Release|Any CPU
		{ECC88555-2139-4162-ACDE-3F3742A1C90A}.Release|Any CPU.Build.0 = Release|Any CPU
	EndGlobalSection
	GlobalSection(SolutionProperties) = preSolution
		HideSolutionNode = FALSE
	EndGlobalSection
	GlobalSection(ExtensibilityGlobals) = postSolution
		SolutionGuid = {A9F38F60-AB04-43B5-9504-D5FAC09311DC}
	EndGlobalSection
EndGlobal
